PODS:
  - AWSCore (2.6.25)
  - AWSS3 (2.6.25):
    - AWSCore (= 2.6.25)
  - Beamer (0.1.0):
    - AWSS3

DEPENDENCIES:
  - Beamer (from `../`)

SPEC REPOS:
  https://github.com/cocoapods/specs.git:
    - AWSCore
    - AWSS3

EXTERNAL SOURCES:
  Beamer:
    :path: "../"

SPEC CHECKSUMS:
  AWSCore: 93ac57c361f6ff9c0749adf9404c4a1a1ecdaa2b
  AWSS3: 0614ff4e0f0d11942322b5a15c30927a93fe35db
  Beamer: 8d971ae27109f169db84233214a3252d25d122af

PODFILE CHECKSUM: 4b3bf3aca4bdc3977778417bd106fda0bb2b92cf

COCOAPODS: 1.5.3
